
Microsoft Visual Studio Solution File, Format Version 11.00
# Visual Studio 2010
Project("{8BC9CEB8-8B4A-11D0-8D11-00A0C91BC942}") = "EchoClient", "EchoClient\EchoClient.vcxproj", "{FC4EF018-E929-4845-BD98-02C33F9AA1CB}"
	ProjectSection(ProjectDependencies) = postProject
		{7CB75986-839C-4DC0-8523-BB56E8DEAA4A} = {7CB75986-839C-4DC0-8523-BB56E8DEAA4A}
	EndProjectSection
EndProject
Project("{8BC9CEB8-8B4A-11D0-8D11-00A0C91BC942}") = "skynet", "skynet\skynet.vcxproj", "{7CB75986-839C-4DC0-8523-BB56E8DEAA4A}"
EndProject
Project("{8BC9CEB8-8B4A-11D0-8D11-00A0C91BC942}") = "EchoServer", "EchoServer\EchoServer.vcxproj", "{AECF9F38-E4D9-4263-AFB4-6A1C18C5FCDD}"
	ProjectSection(ProjectDependencies) = postProject
		{7CB75986-839C-4DC0-8523-BB56E8DEAA4A} = {7CB75986-839C-4DC0-8523-BB56E8DEAA4A}
	EndProjectSection
EndProject
Project("{8BC9CEB8-8B4A-11D0-8D11-00A0C91BC942}") = "EchoClientM", "EchoClientM\EchoClientM.vcxproj", "{CC5E3F6D-94E0-4881-9E68-B5B0634B9048}"
	ProjectSection(ProjectDependencies) = postProject
		{7CB75986-839C-4DC0-8523-BB56E8DEAA4A} = {7CB75986-839C-4DC0-8523-BB56E8DEAA4A}
	EndProjectSection
EndProject
Project("{8BC9CEB8-8B4A-11D0-8D11-00A0C91BC942}") = "SkynetServer", "SkynetServer\SkynetServer.vcxproj", "{54AAF734-48D0-48EA-BFE6-6773FE79ADBF}"
	ProjectSection(ProjectDependencies) = postProject
		{564CEE01-568D-4F0F-9732-74354D5A31B9} = {564CEE01-568D-4F0F-9732-74354D5A31B9}
		{3E3A9F15-4B6C-418C-B22A-8E9A8C791D43} = {3E3A9F15-4B6C-418C-B22A-8E9A8C791D43}
		{D19DCA17-3E2E-4A8F-9EDA-A54A701C70D0} = {D19DCA17-3E2E-4A8F-9EDA-A54A701C70D0}
		{C20FCE1C-F541-4BC5-9847-A5DE523A692E} = {C20FCE1C-F541-4BC5-9847-A5DE523A692E}
		{AA497F30-DA7E-4AC5-9565-117C8DE91AAF} = {AA497F30-DA7E-4AC5-9565-117C8DE91AAF}
		{1D586037-A442-46BC-9B89-A1B4D15936D8} = {1D586037-A442-46BC-9B89-A1B4D15936D8}
		{B2A0F73B-8375-46BF-8C61-2E27DB1DC744} = {B2A0F73B-8375-46BF-8C61-2E27DB1DC744}
		{9AEF8558-745F-4DBD-9745-4977CEFCC2C5} = {9AEF8558-745F-4DBD-9745-4977CEFCC2C5}
		{0B6DC365-5C23-464F-89EC-51EF72834AC3} = {0B6DC365-5C23-464F-89EC-51EF72834AC3}
		{7CB75986-839C-4DC0-8523-BB56E8DEAA4A} = {7CB75986-839C-4DC0-8523-BB56E8DEAA4A}
		{D64417D1-23AF-48F6-97B5-56ACE4605D8D} = {D64417D1-23AF-48F6-97B5-56ACE4605D8D}
		{5F811ED7-3361-411A-9BBB-F7D38105899D} = {5F811ED7-3361-411A-9BBB-F7D38105899D}
		{5D1A5BDC-F99C-4830-8B78-4DB1EADF034C} = {5D1A5BDC-F99C-4830-8B78-4DB1EADF034C}
	EndProjectSection
EndProject
Project("{8BC9CEB8-8B4A-11D0-8D11-00A0C91BC942}") = "gate", "service-src\gate\gate.vcxproj", "{3E3A9F15-4B6C-418C-B22A-8E9A8C791D43}"
	ProjectSection(ProjectDependencies) = postProject
		{7CB75986-839C-4DC0-8523-BB56E8DEAA4A} = {7CB75986-839C-4DC0-8523-BB56E8DEAA4A}
	EndProjectSection
EndProject
Project("{8BC9CEB8-8B4A-11D0-8D11-00A0C91BC942}") = "master", "service-src\master\master.vcxproj", "{B2A0F73B-8375-46BF-8C61-2E27DB1DC744}"
	ProjectSection(ProjectDependencies) = postProject
		{7CB75986-839C-4DC0-8523-BB56E8DEAA4A} = {7CB75986-839C-4DC0-8523-BB56E8DEAA4A}
	EndProjectSection
EndProject
Project("{8BC9CEB8-8B4A-11D0-8D11-00A0C91BC942}") = "harbor", "service-src\harbor\harbor.vcxproj", "{5D1A5BDC-F99C-4830-8B78-4DB1EADF034C}"
	ProjectSection(ProjectDependencies) = postProject
		{7CB75986-839C-4DC0-8523-BB56E8DEAA4A} = {7CB75986-839C-4DC0-8523-BB56E8DEAA4A}
	EndProjectSection
EndProject
Project("{8BC9CEB8-8B4A-11D0-8D11-00A0C91BC942}") = "logger", "service-src\logger\logger.vcxproj", "{D19DCA17-3E2E-4A8F-9EDA-A54A701C70D0}"
	ProjectSection(ProjectDependencies) = postProject
		{7CB75986-839C-4DC0-8523-BB56E8DEAA4A} = {7CB75986-839C-4DC0-8523-BB56E8DEAA4A}
	EndProjectSection
EndProject
Project("{8BC9CEB8-8B4A-11D0-8D11-00A0C91BC942}") = "snlua", "service-src\snlua\snlua.vcxproj", "{564CEE01-568D-4F0F-9732-74354D5A31B9}"
	ProjectSection(ProjectDependencies) = postProject
		{7CB75986-839C-4DC0-8523-BB56E8DEAA4A} = {7CB75986-839C-4DC0-8523-BB56E8DEAA4A}
	EndProjectSection
EndProject
Project("{2150E333-8FDC-42A3-9474-1A3956D46DE8}") = "cservice", "cservice", "{E677A0E0-B76E-426C-8C5B-CB1F94CB873A}"
EndProject
Project("{2150E333-8FDC-42A3-9474-1A3956D46DE8}") = "luaclib", "luaclib", "{378677AB-3AE5-43AC-A4A9-5FE77105EDAF}"
EndProject
Project("{2150E333-8FDC-42A3-9474-1A3956D46DE8}") = "3rd", "3rd", "{60DDA1A0-3F54-4B9C-ACC7-D3E496FC1F82}"
EndProject
Project("{8BC9CEB8-8B4A-11D0-8D11-00A0C91BC942}") = "lua-int64", "3rd\lua-int64\lua-int64.vcxproj", "{5F811ED7-3361-411A-9BBB-F7D38105899D}"
EndProject
Project("{8BC9CEB8-8B4A-11D0-8D11-00A0C91BC942}") = "lua-skynet", "lualib-src\lua-skynet\lua-skynet.vcxproj", "{1D586037-A442-46BC-9B89-A1B4D15936D8}"
	ProjectSection(ProjectDependencies) = postProject
		{7CB75986-839C-4DC0-8523-BB56E8DEAA4A} = {7CB75986-839C-4DC0-8523-BB56E8DEAA4A}
	EndProjectSection
EndProject
Project("{8BC9CEB8-8B4A-11D0-8D11-00A0C91BC942}") = "lua-socket", "lualib-src\lua-socket\lua-socket.vcxproj", "{9AEF8558-745F-4DBD-9745-4977CEFCC2C5}"
	ProjectSection(ProjectDependencies) = postProject
		{7CB75986-839C-4DC0-8523-BB56E8DEAA4A} = {7CB75986-839C-4DC0-8523-BB56E8DEAA4A}
	EndProjectSection
EndProject
Project("{8BC9CEB8-8B4A-11D0-8D11-00A0C91BC942}") = "lua-profile", "lualib-src\lua-profile\lua-profile.vcxproj", "{C20FCE1C-F541-4BC5-9847-A5DE523A692E}"
EndProject
Project("{8BC9CEB8-8B4A-11D0-8D11-00A0C91BC942}") = "lua-netpack", "lualib-src\lua-netpack\lua-netpack.vcxproj", "{AA497F30-DA7E-4AC5-9565-117C8DE91AAF}"
EndProject
Project("{8BC9CEB8-8B4A-11D0-8D11-00A0C91BC942}") = "lua-cjson", "3rd\lua-cjson\lua-cjson.vcxproj", "{0B6DC365-5C23-464F-89EC-51EF72834AC3}"
EndProject
Project("{8BC9CEB8-8B4A-11D0-8D11-00A0C91BC942}") = "lua-clientsocket", "lualib-src\lua-clientsocket\lua-clientsocket.vcxproj", "{D64417D1-23AF-48F6-97B5-56ACE4605D8D}"
EndProject
Global
	GlobalSection(SolutionConfigurationPlatforms) = preSolution
		Debug|Win32 = Debug|Win32
		Debug|x64 = Debug|x64
		Release|Win32 = Release|Win32
		Release|x64 = Release|x64
	EndGlobalSection
	GlobalSection(ProjectConfigurationPlatforms) = postSolution
		{FC4EF018-E929-4845-BD98-02C33F9AA1CB}.Debug|Win32.ActiveCfg = Debug|Win32
		{FC4EF018-E929-4845-BD98-02C33F9AA1CB}.Debug|Win32.Build.0 = Debug|Win32
		{FC4EF018-E929-4845-BD98-02C33F9AA1CB}.Debug|x64.ActiveCfg = Debug|x64
		{FC4EF018-E929-4845-BD98-02C33F9AA1CB}.Debug|x64.Build.0 = Debug|x64
		{FC4EF018-E929-4845-BD98-02C33F9AA1CB}.Release|Win32.ActiveCfg = Release|Win32
		{FC4EF018-E929-4845-BD98-02C33F9AA1CB}.Release|Win32.Build.0 = Release|Win32
		{FC4EF018-E929-4845-BD98-02C33F9AA1CB}.Release|x64.ActiveCfg = Release|x64
		{FC4EF018-E929-4845-BD98-02C33F9AA1CB}.Release|x64.Build.0 = Release|x64
		{7CB75986-839C-4DC0-8523-BB56E8DEAA4A}.Debug|Win32.ActiveCfg = Debug|Win32
		{7CB75986-839C-4DC0-8523-BB56E8DEAA4A}.Debug|Win32.Build.0 = Debug|Win32
		{7CB75986-839C-4DC0-8523-BB56E8DEAA4A}.Debug|x64.ActiveCfg = Debug|x64
		{7CB75986-839C-4DC0-8523-BB56E8DEAA4A}.Debug|x64.Build.0 = Debug|x64
		{7CB75986-839C-4DC0-8523-BB56E8DEAA4A}.Release|Win32.ActiveCfg = Release|Win32
		{7CB75986-839C-4DC0-8523-BB56E8DEAA4A}.Release|Win32.Build.0 = Release|Win32
		{7CB75986-839C-4DC0-8523-BB56E8DEAA4A}.Release|x64.ActiveCfg = Release|x64
		{7CB75986-839C-4DC0-8523-BB56E8DEAA4A}.Release|x64.Build.0 = Release|x64
		{AECF9F38-E4D9-4263-AFB4-6A1C18C5FCDD}.Debug|Win32.ActiveCfg = Debug|Win32
		{AECF9F38-E4D9-4263-AFB4-6A1C18C5FCDD}.Debug|Win32.Build.0 = Debug|Win32
		{AECF9F38-E4D9-4263-AFB4-6A1C18C5FCDD}.Debug|x64.ActiveCfg = Debug|x64
		{AECF9F38-E4D9-4263-AFB4-6A1C18C5FCDD}.Debug|x64.Build.0 = Debug|x64
		{AECF9F38-E4D9-4263-AFB4-6A1C18C5FCDD}.Release|Win32.ActiveCfg = Release|Win32
		{AECF9F38-E4D9-4263-AFB4-6A1C18C5FCDD}.Release|Win32.Build.0 = Release|Win32
		{AECF9F38-E4D9-4263-AFB4-6A1C18C5FCDD}.Release|x64.ActiveCfg = Release|x64
		{AECF9F38-E4D9-4263-AFB4-6A1C18C5FCDD}.Release|x64.Build.0 = Release|x64
		{CC5E3F6D-94E0-4881-9E68-B5B0634B9048}.Debug|Win32.ActiveCfg = Debug|Win32
		{CC5E3F6D-94E0-4881-9E68-B5B0634B9048}.Debug|Win32.Build.0 = Debug|Win32
		{CC5E3F6D-94E0-4881-9E68-B5B0634B9048}.Debug|x64.ActiveCfg = Debug|x64
		{CC5E3F6D-94E0-4881-9E68-B5B0634B9048}.Debug|x64.Build.0 = Debug|x64
		{CC5E3F6D-94E0-4881-9E68-B5B0634B9048}.Release|Win32.ActiveCfg = Release|Win32
		{CC5E3F6D-94E0-4881-9E68-B5B0634B9048}.Release|Win32.Build.0 = Release|Win32
		{CC5E3F6D-94E0-4881-9E68-B5B0634B9048}.Release|x64.ActiveCfg = Release|x64
		{CC5E3F6D-94E0-4881-9E68-B5B0634B9048}.Release|x64.Build.0 = Release|x64
		{54AAF734-48D0-48EA-BFE6-6773FE79ADBF}.Debug|Win32.ActiveCfg = Debug|Win32
		{54AAF734-48D0-48EA-BFE6-6773FE79ADBF}.Debug|Win32.Build.0 = Debug|Win32
		{54AAF734-48D0-48EA-BFE6-6773FE79ADBF}.Debug|x64.ActiveCfg = Debug|Win32
		{54AAF734-48D0-48EA-BFE6-6773FE79ADBF}.Release|Win32.ActiveCfg = Release|Win32
		{54AAF734-48D0-48EA-BFE6-6773FE79ADBF}.Release|Win32.Build.0 = Release|Win32
		{54AAF734-48D0-48EA-BFE6-6773FE79ADBF}.Release|x64.ActiveCfg = Release|Win32
		{3E3A9F15-4B6C-418C-B22A-8E9A8C791D43}.Debug|Win32.ActiveCfg = Debug|Win32
		{3E3A9F15-4B6C-418C-B22A-8E9A8C791D43}.Debug|Win32.Build.0 = Debug|Win32
		{3E3A9F15-4B6C-418C-B22A-8E9A8C791D43}.Debug|x64.ActiveCfg = Debug|Win32
		{3E3A9F15-4B6C-418C-B22A-8E9A8C791D43}.Release|Win32.ActiveCfg = Release|Win32
		{3E3A9F15-4B6C-418C-B22A-8E9A8C791D43}.Release|Win32.Build.0 = Release|Win32
		{3E3A9F15-4B6C-418C-B22A-8E9A8C791D43}.Release|x64.ActiveCfg = Release|Win32
		{B2A0F73B-8375-46BF-8C61-2E27DB1DC744}.Debug|Win32.ActiveCfg = Debug|Win32
		{B2A0F73B-8375-46BF-8C61-2E27DB1DC744}.Debug|Win32.Build.0 = Debug|Win32
		{B2A0F73B-8375-46BF-8C61-2E27DB1DC744}.Debug|x64.ActiveCfg = Debug|Win32
		{B2A0F73B-8375-46BF-8C61-2E27DB1DC744}.Release|Win32.ActiveCfg = Release|Win32
		{B2A0F73B-8375-46BF-8C61-2E27DB1DC744}.Release|Win32.Build.0 = Release|Win32
		{B2A0F73B-8375-46BF-8C61-2E27DB1DC744}.Release|x64.ActiveCfg = Release|Win32
		{5D1A5BDC-F99C-4830-8B78-4DB1EADF034C}.Debug|Win32.ActiveCfg = Debug|Win32
		{5D1A5BDC-F99C-4830-8B78-4DB1EADF034C}.Debug|Win32.Build.0 = Debug|Win32
		{5D1A5BDC-F99C-4830-8B78-4DB1EADF034C}.Debug|x64.ActiveCfg = Debug|Win32
		{5D1A5BDC-F99C-4830-8B78-4DB1EADF034C}.Release|Win32.ActiveCfg = Release|Win32
		{5D1A5BDC-F99C-4830-8B78-4DB1EADF034C}.Release|Win32.Build.0 = Release|Win32
		{5D1A5BDC-F99C-4830-8B78-4DB1EADF034C}.Release|x64.ActiveCfg = Release|Win32
		{D19DCA17-3E2E-4A8F-9EDA-A54A701C70D0}.Debug|Win32.ActiveCfg = Debug|Win32
		{D19DCA17-3E2E-4A8F-9EDA-A54A701C70D0}.Debug|Win32.Build.0 = Debug|Win32
		{D19DCA17-3E2E-4A8F-9EDA-A54A701C70D0}.Debug|x64.ActiveCfg = Debug|Win32
		{D19DCA17-3E2E-4A8F-9EDA-A54A701C70D0}.Release|Win32.ActiveCfg = Release|Win32
		{D19DCA17-3E2E-4A8F-9EDA-A54A701C70D0}.Release|Win32.Build.0 = Release|Win32
		{D19DCA17-3E2E-4A8F-9EDA-A54A701C70D0}.Release|x64.ActiveCfg = Release|Win32
		{564CEE01-568D-4F0F-9732-74354D5A31B9}.Debug|Win32.ActiveCfg = Debug|Win32
		{564CEE01-568D-4F0F-9732-74354D5A31B9}.Debug|Win32.Build.0 = Debug|Win32
		{564CEE01-568D-4F0F-9732-74354D5A31B9}.Debug|x64.ActiveCfg = Debug|Win32
		{564CEE01-568D-4F0F-9732-74354D5A31B9}.Release|Win32.ActiveCfg = Release|Win32
		{564CEE01-568D-4F0F-9732-74354D5A31B9}.Release|Win32.Build.0 = Release|Win32
		{564CEE01-568D-4F0F-9732-74354D5A31B9}.Release|x64.ActiveCfg = Release|Win32
		{5F811ED7-3361-411A-9BBB-F7D38105899D}.Debug|Win32.ActiveCfg = Debug|Win32
		{5F811ED7-3361-411A-9BBB-F7D38105899D}.Debug|Win32.Build.0 = Debug|Win32
		{5F811ED7-3361-411A-9BBB-F7D38105899D}.Debug|x64.ActiveCfg = Debug|Win32
		{5F811ED7-3361-411A-9BBB-F7D38105899D}.Release|Win32.ActiveCfg = Release|Win32
		{5F811ED7-3361-411A-9BBB-F7D38105899D}.Release|Win32.Build.0 = Release|Win32
		{5F811ED7-3361-411A-9BBB-F7D38105899D}.Release|x64.ActiveCfg = Release|Win32
		{1D586037-A442-46BC-9B89-A1B4D15936D8}.Debug|Win32.ActiveCfg = Debug|Win32
		{1D586037-A442-46BC-9B89-A1B4D15936D8}.Debug|Win32.Build.0 = Debug|Win32
		{1D586037-A442-46BC-9B89-A1B4D15936D8}.Debug|x64.ActiveCfg = Debug|Win32
		{1D586037-A442-46BC-9B89-A1B4D15936D8}.Release|Win32.ActiveCfg = Release|Win32
		{1D586037-A442-46BC-9B89-A1B4D15936D8}.Release|Win32.Build.0 = Release|Win32
		{1D586037-A442-46BC-9B89-A1B4D15936D8}.Release|x64.ActiveCfg = Release|Win32
		{9AEF8558-745F-4DBD-9745-4977CEFCC2C5}.Debug|Win32.ActiveCfg = Debug|Win32
		{9AEF8558-745F-4DBD-9745-4977CEFCC2C5}.Debug|Win32.Build.0 = Debug|Win32
		{9AEF8558-745F-4DBD-9745-4977CEFCC2C5}.Debug|x64.ActiveCfg = Debug|Win32
		{9AEF8558-745F-4DBD-9745-4977CEFCC2C5}.Release|Win32.ActiveCfg = Release|Win32
		{9AEF8558-745F-4DBD-9745-4977CEFCC2C5}.Release|Win32.Build.0 = Release|Win32
		{9AEF8558-745F-4DBD-9745-4977CEFCC2C5}.Release|x64.ActiveCfg = Release|Win32
		{C20FCE1C-F541-4BC5-9847-A5DE523A692E}.Debug|Win32.ActiveCfg = Debug|Win32
		{C20FCE1C-F541-4BC5-9847-A5DE523A692E}.Debug|Win32.Build.0 = Debug|Win32
		{C20FCE1C-F541-4BC5-9847-A5DE523A692E}.Debug|x64.ActiveCfg = Debug|Win32
		{C20FCE1C-F541-4BC5-9847-A5DE523A692E}.Release|Win32.ActiveCfg = Release|Win32
		{C20FCE1C-F541-4BC5-9847-A5DE523A692E}.Release|Win32.Build.0 = Release|Win32
		{C20FCE1C-F541-4BC5-9847-A5DE523A692E}.Release|x64.ActiveCfg = Release|Win32
		{AA497F30-DA7E-4AC5-9565-117C8DE91AAF}.Debug|Win32.ActiveCfg = Debug|Win32
		{AA497F30-DA7E-4AC5-9565-117C8DE91AAF}.Debug|Win32.Build.0 = Debug|Win32
		{AA497F30-DA7E-4AC5-9565-117C8DE91AAF}.Debug|x64.ActiveCfg = Debug|Win32
		{AA497F30-DA7E-4AC5-9565-117C8DE91AAF}.Release|Win32.ActiveCfg = Release|Win32
		{AA497F30-DA7E-4AC5-9565-117C8DE91AAF}.Release|Win32.Build.0 = Release|Win32
		{AA497F30-DA7E-4AC5-9565-117C8DE91AAF}.Release|x64.ActiveCfg = Release|Win32
		{0B6DC365-5C23-464F-89EC-51EF72834AC3}.Debug|Win32.ActiveCfg = Debug|Win32
		{0B6DC365-5C23-464F-89EC-51EF72834AC3}.Debug|Win32.Build.0 = Debug|Win32
		{0B6DC365-5C23-464F-89EC-51EF72834AC3}.Debug|x64.ActiveCfg = Debug|Win32
		{0B6DC365-5C23-464F-89EC-51EF72834AC3}.Release|Win32.ActiveCfg = Release|Win32
		{0B6DC365-5C23-464F-89EC-51EF72834AC3}.Release|Win32.Build.0 = Release|Win32
		{0B6DC365-5C23-464F-89EC-51EF72834AC3}.Release|x64.ActiveCfg = Release|Win32
		{D64417D1-23AF-48F6-97B5-56ACE4605D8D}.Debug|Win32.ActiveCfg = Debug|Win32
		{D64417D1-23AF-48F6-97B5-56ACE4605D8D}.Debug|Win32.Build.0 = Debug|Win32
		{D64417D1-23AF-48F6-97B5-56ACE4605D8D}.Debug|x64.ActiveCfg = Debug|Win32
		{D64417D1-23AF-48F6-97B5-56ACE4605D8D}.Release|Win32.ActiveCfg = Release|Win32
		{D64417D1-23AF-48F6-97B5-56ACE4605D8D}.Release|Win32.Build.0 = Release|Win32
		{D64417D1-23AF-48F6-97B5-56ACE4605D8D}.Release|x64.ActiveCfg = Release|Win32
	EndGlobalSection
	GlobalSection(SolutionProperties) = preSolution
		HideSolutionNode = FALSE
	EndGlobalSection
	GlobalSection(NestedProjects) = preSolution
		{B2A0F73B-8375-46BF-8C61-2E27DB1DC744} = {E677A0E0-B76E-426C-8C5B-CB1F94CB873A}
		{5D1A5BDC-F99C-4830-8B78-4DB1EADF034C} = {E677A0E0-B76E-426C-8C5B-CB1F94CB873A}
		{D19DCA17-3E2E-4A8F-9EDA-A54A701C70D0} = {E677A0E0-B76E-426C-8C5B-CB1F94CB873A}
		{564CEE01-568D-4F0F-9732-74354D5A31B9} = {E677A0E0-B76E-426C-8C5B-CB1F94CB873A}
		{3E3A9F15-4B6C-418C-B22A-8E9A8C791D43} = {E677A0E0-B76E-426C-8C5B-CB1F94CB873A}
		{1D586037-A442-46BC-9B89-A1B4D15936D8} = {378677AB-3AE5-43AC-A4A9-5FE77105EDAF}
		{9AEF8558-745F-4DBD-9745-4977CEFCC2C5} = {378677AB-3AE5-43AC-A4A9-5FE77105EDAF}
		{C20FCE1C-F541-4BC5-9847-A5DE523A692E} = {378677AB-3AE5-43AC-A4A9-5FE77105EDAF}
		{AA497F30-DA7E-4AC5-9565-117C8DE91AAF} = {378677AB-3AE5-43AC-A4A9-5FE77105EDAF}
		{D64417D1-23AF-48F6-97B5-56ACE4605D8D} = {378677AB-3AE5-43AC-A4A9-5FE77105EDAF}
		{5F811ED7-3361-411A-9BBB-F7D38105899D} = {60DDA1A0-3F54-4B9C-ACC7-D3E496FC1F82}
		{0B6DC365-5C23-464F-89EC-51EF72834AC3} = {60DDA1A0-3F54-4B9C-ACC7-D3E496FC1F82}
	EndGlobalSection
EndGlobal
