<?xml version="1.0" encoding="utf-8"?>
<Project ToolsVersion="4.0" xmlns="http://schemas.microsoft.com/developer/msbuild/2003">
  <ItemGroup>
    <Filter Include="Source Files">
      <UniqueIdentifier>{4FC737F1-C7A5-4376-A066-2A32D752A2FF}</UniqueIdentifier>
      <Extensions>cpp;c;cc;cxx;def;odl;idl;hpj;bat;asm;asmx</Extensions>
    </Filter>
    <Filter Include="Header Files">
      <UniqueIdentifier>{93995380-89BD-4b04-88EB-625FBE52EBFB}</UniqueIdentifier>
      <Extensions>h;hpp;hxx;hm;inl;inc;xsd</Extensions>
    </Filter>
    <Filter Include="Resource Files">
      <UniqueIdentifier>{67DA6AB6-F800-4c08-8B7A-83BB121AAD01}</UniqueIdentifier>
      <Extensions>rc;ico;cur;bmp;dlg;rc2;rct;bin;rgs;gif;jpg;jpeg;jpe;resx;tiff;tif;png;wav;mfcribbon-ms</Extensions>
    </Filter>
  </ItemGroup>
  <ItemGroup>
    <ClInclude Include="socket_buffer_pool.h">
      <Filter>Header Files</Filter>
    </ClInclude>
    <ClInclude Include="socket_helper.h">
      <Filter>Header Files</Filter>
    </ClInclude>
    <ClInclude Include="socket_iocp.h">
      <Filter>Header Files</Filter>
    </ClInclude>
    <ClInclude Include="socket_server.h">
      <Filter>Header Files</Filter>
    </ClInclude>
    <ClInclude Include="skynet_macro.h">
      <Filter>Header Files</Filter>
    </ClInclude>
    <ClInclude Include="rwlock.h">
      <Filter>Header Files</Filter>
    </ClInclude>
    <ClInclude Include="skynet.h">
      <Filter>Header Files</Filter>
    </ClInclude>
    <ClInclude Include="skynet_env.h">
      <Filter>Header Files</Filter>
    </ClInclude>
    <ClInclude Include="skynet_handle.h">
      <Filter>Header Files</Filter>
    </ClInclude>
    <ClInclude Include="skynet_harbor.h">
      <Filter>Header Files</Filter>
    </ClInclude>
    <ClInclude Include="skynet_imp.h">
      <Filter>Header Files</Filter>
    </ClInclude>
    <ClInclude Include="skynet_module.h">
      <Filter>Header Files</Filter>
    </ClInclude>
    <ClInclude Include="skynet_monitor.h">
      <Filter>Header Files</Filter>
    </ClInclude>
    <ClInclude Include="skynet_mq.h">
      <Filter>Header Files</Filter>
    </ClInclude>
    <ClInclude Include="skynet_server.h">
      <Filter>Header Files</Filter>
    </ClInclude>
    <ClInclude Include="skynet_timer.h">
      <Filter>Header Files</Filter>
    </ClInclude>
    <ClInclude Include="skynet_socket.h">
      <Filter>Header Files</Filter>
    </ClInclude>
  </ItemGroup>
  <ItemGroup>
    <ClCompile Include="socket_buffer_pool.cpp">
      <Filter>Source Files</Filter>
    </ClCompile>
    <ClCompile Include="socket_helper.cpp">
      <Filter>Source Files</Filter>
    </ClCompile>
    <ClCompile Include="socket_server.cpp">
      <Filter>Source Files</Filter>
    </ClCompile>
    <ClCompile Include="skynet_env.cpp">
      <Filter>Source Files</Filter>
    </ClCompile>
    <ClCompile Include="skynet_error.cpp">
      <Filter>Source Files</Filter>
    </ClCompile>
    <ClCompile Include="skynet_handle.cpp">
      <Filter>Source Files</Filter>
    </ClCompile>
    <ClCompile Include="skynet_harbor.cpp">
      <Filter>Source Files</Filter>
    </ClCompile>
    <ClCompile Include="skynet_main.cpp">
      <Filter>Source Files</Filter>
    </ClCompile>
    <ClCompile Include="skynet_module.cpp">
      <Filter>Source Files</Filter>
    </ClCompile>
    <ClCompile Include="skynet_monitor.cpp">
      <Filter>Source Files</Filter>
    </ClCompile>
    <ClCompile Include="skynet_mq.cpp">
      <Filter>Source Files</Filter>
    </ClCompile>
    <ClCompile Include="skynet_server.cpp">
      <Filter>Source Files</Filter>
    </ClCompile>
    <ClCompile Include="skynet_start.cpp">
      <Filter>Source Files</Filter>
    </ClCompile>
    <ClCompile Include="skynet_timer.cpp">
      <Filter>Source Files</Filter>
    </ClCompile>
    <ClCompile Include="skynet_socket.cpp">
      <Filter>Source Files</Filter>
    </ClCompile>
  </ItemGroup>
</Project>